// !$*UTF8*$!
{
	archiveVersion = 1;
	classes = {
	};
	objectVersion = 46;
	objects = {

/* Begin PBXBuildFile section */
		CC92FB1D1A8424AD00E74BEE /* main.m in Sources */ = {isa = PBXBuildFile; fileRef = CC92FB1C1A8424AD00E74BEE /* main.m */; };
		CC92FB201A8424AD00E74BEE /* AppDelegate.m in Sources */ = {isa = PBXBuildFile; fileRef = CC92FB1F1A8424AD00E74BEE /* AppDelegate.m */; };
		CC92FB231A8424AD00E74BEE /* ViewController.m in Sources */ = {isa = PBXBuildFile; fileRef = CC92FB221A8424AD00E74BEE /* ViewController.m */; };
		CC92FB261A8424AD00E74BEE /* Main.storyboard in Resources */ = {isa = PBXBuildFile; fileRef = CC92FB241A8424AD00E74BEE /* Main.storyboard */; };
		CC92FB281A8424AD00E74BEE /* Images.xcassets in Resources */ = {isa = PBXBuildFile; fileRef = CC92FB271A8424AD00E74BEE /* Images.xcassets */; };
		CC92FB2B1A8424AD00E74BEE /* LaunchScreen.xib in Resources */ = {isa = PBXBuildFile; fileRef = CC92FB291A8424AD00E74BEE /* LaunchScreen.xib */; };
		CC92FB371A8424AE00E74BEE /* Vine_ViewerTests.m in Sources */ = {isa = PBXBuildFile; fileRef = CC92FB361A8424AE00E74BEE /* Vine_ViewerTests.m */; };
/* End PBXBuildFile section */

/* Begin PBXContainerItemProxy section */
		CC92FB311A8424AE00E74BEE /* PBXContainerItemProxy */ = {
			isa = PBXContainerItemProxy;
			containerPortal = CC92FB0F1A8424AD00E74BEE /* Project object */;
			proxyType = 1;
			remoteGlobalIDString = CC92FB161A8424AD00E74BEE;
			remoteInfo = "Vine Viewer";
		};
/* End PBXContainerItemProxy section */

/* Begin PBXFileReference section */
		CC92FB171A8424AD00E74BEE /* Vine Viewer.app */ = {isa = PBXFileReference; explicitFileType = wrapper.application; includeInIndex = 0; path = "Vine Viewer.app"; sourceTree = BUILT_PRODUCTS_DIR; };
		CC92FB1B1A8424AD00E74BEE /* Info.plist */ = {isa = PBXFileReference; lastKnownFileType = text.plist.xml; path = Info.plist; sourceTree = "<group>"; };
		CC92FB1C1A8424AD00E74BEE /* main.m */ = {isa = PBXFileReference; lastKnownFileType = sourcecode.c.objc; path = main.m; sourceTree = "<group>"; };
		CC92FB1E1A8424AD00E74BEE /* AppDelegate.h */ = {isa = PBXFileReference; lastKnownFileType = sourcecode.c.h; path = AppDelegate.h; sourceTree = "<group>"; };
		CC92FB1F1A8424AD00E74BEE /* AppDelegate.m */ = {isa = PBXFileReference; lastKnownFileType = sourcecode.c.objc; path = AppDelegate.m; sourceTree = "<group>"; };
		CC92FB211A8424AD00E74BEE /* ViewController.h */ = {isa = PBXFileReference; lastKnownFileType = sourcecode.c.h; path = ViewController.h; sourceTree = "<group>"; };
		CC92FB221A8424AD00E74BEE /* ViewController.m */ = {isa = PBXFileReference; lastKnownFileType = sourcecode.c.objc; path = ViewController.m; sourceTree = "<group>"; };
		CC92FB251A8424AD00E74BEE /* Base */ = {isa = PBXFileReference; lastKnownFileType = file.storyboard; name = Base; path = Base.lproj/Main.storyboard; sourceTree = "<group>"; };
		CC92FB271A8424AD00E74BEE /* Images.xcassets */ = {isa = PBXFileReference; lastKnownFileType = folder.assetcatalog; path = Images.xcassets; sourceTree = "<group>"; };
		CC92FB2A1A8424AD00E74BEE /* Base */ = {isa = PBXFileReference; lastKnownFileType = file.xib; name = Base; path = Base.lproj/LaunchScreen.xib; sourceTree = "<group>"; };
		CC92FB301A8424AE00E74BEE /* Vine ViewerTests.xctest */ = {isa = PBXFileReference; explicitFileType = wrapper.cfbundle; includeInIndex = 0; path = "Vine ViewerTests.xctest"; sourceTree = BUILT_PRODUCTS_DIR; };
		CC92FB351A8424AE00E74BEE /* Info.plist */ = {isa = PBXFileReference; lastKnownFileType = text.plist.xml; path = Info.plist; sourceTree = "<group>"; };
		CC92FB361A8424AE00E74BEE /* Vine_ViewerTests.m */ = {isa = PBXFileReference; lastKnownFileType = sourcecode.c.objc; path = Vine_ViewerTests.m; sourceTree = "<group>"; };
/* End PBXFileReference section */

/* Begin PBXFrameworksBuildPhase section */
		CC92FB141A8424AD00E74BEE /* Frameworks */ = {
			isa = PBXFrameworksBuildPhase;
			buildActionMask = 2147483647;
			files = (
			);
			runOnlyForDeploymentPostprocessing = 0;
		};
		CC92FB2D1A8424AE00E74BEE /* Frameworks */ = {
			isa = PBXFrameworksBuildPhase;
			buildActionMask = 2147483647;
			files = (
			);
			runOnlyForDeploymentPostprocessing = 0;
		};
/* End PBXFrameworksBuildPhase section */

/* Begin PBXGroup section */
		CC92FB0E1A8424AD00E74BEE = {
			isa = PBXGroup;
			children = (
				CC92FB191A8424AD00E74BEE /* Vine Viewer */,
				CC92FB331A8424AE00E74BEE /* Vine ViewerTests */,
				CC92FB181A8424AD00E74BEE /* Products */,
			);
			sourceTree = "<group>";
		};
		CC92FB181A8424AD00E74BEE /* Products */ = {
			isa = PBXGroup;
			children = (
				CC92FB171A8424AD00E74BEE /* Vine Viewer.app */,
				CC92FB301A8424AE00E74BEE /* Vine ViewerTests.xctest */,
			);
			name = Products;
			sourceTree = "<group>";
		};
		CC92FB191A8424AD00E74BEE /* Vine Viewer */ = {
			isa = PBXGroup;
			children = (
				CC92FB1E1A8424AD00E74BEE /* AppDelegate.h */,
				CC92FB1F1A8424AD00E74BEE /* AppDelegate.m */,
				CC92FB211A8424AD00E74BEE /* ViewController.h */,
				CC92FB221A8424AD00E74BEE /* ViewController.m */,
				CC92FB241A8424AD00E74BEE /* Main.storyboard */,
				CC92FB271A8424AD00E74BEE /* Images.xcassets */,
				CC92FB291A8424AD00E74BEE /* LaunchScreen.xib */,
				CC92FB1A1A8424AD00E74BEE /* Supporting Files */,
			);
			path = "Vine Viewer";
			sourceTree = "<group>";
		};
		CC92FB1A1A8424AD00E74BEE /* Supporting Files */ = {
			isa = PBXGroup;
			children = (
				CC92FB1B1A8424AD00E74BEE /* Info.plist */,
				CC92FB1C1A8424AD00E74BEE /* main.m */,
			);
			name = "Supporting Files";
			sourceTree = "<group>";
		};
		CC92FB331A8424AE00E74BEE /* Vine ViewerTests */ = {
			isa = PBXGroup;
			children = (
				CC92FB361A8424AE00E74BEE /* Vine_ViewerTests.m */,
				CC92FB341A8424AE00E74BEE /* Supporting Files */,
			);
			path = "Vine ViewerTests";
			sourceTree = "<group>";
		};
		CC92FB341A8424AE00E74BEE /* Supporting Files */ = {
			isa = PBXGroup;
			children = (
				CC92FB351A8424AE00E74BEE /* Info.plist */,
			);
			name = "Supporting Files";
			sourceTree = "<group>";
		};
/* End PBXGroup section */

/* Begin PBXNativeTarget section */
		CC92FB161A8424AD00E74BEE /* Vine Viewer */ = {
			isa = PBXNativeTarget;
			buildConfigurationList = CC92FB3A1A8424AE00E74BEE /* Build configuration list for PBXNativeTarget "Vine Viewer" */;
			buildPhases = (
				CC92FB131A8424AD00E74BEE /* Sources */,
				CC92FB141A8424AD00E74BEE /* Frameworks */,
				CC92FB151A8424AD00E74BEE /* Resources */,
			);
			buildRules = (
			);
			dependencies = (
			);
			name = "Vine Viewer";
			productName = "Vine Viewer";
			productReference = CC92FB171A8424AD00E74BEE /* Vine Viewer.app */;
			productType = "com.apple.product-type.application";
		};
		CC92FB2F1A8424AE00E74BEE /* Vine ViewerTests */ = {
			isa = PBXNativeTarget;
			buildConfigurationList = CC92FB3D1A8424AE00E74BEE /* Build configuration list for PBXNativeTarget "Vine ViewerTests" */;
			buildPhases = (
				CC92FB2C1A8424AE00E74BEE /* Sources */,
				CC92FB2D1A8424AE00E74BEE /* Frameworks */,
				CC92FB2E1A8424AE00E74BEE /* Resources */,
			);
			buildRules = (
			);
			dependencies = (
				CC92FB321A8424AE00E74BEE /* PBXTargetDependency */,
			);
			name = "Vine ViewerTests";
			productName = "Vine ViewerTests";
			productReference = CC92FB301A8424AE00E74BEE /* Vine ViewerTests.xctest */;
			productType = "com.apple.product-type.bundle.unit-test";
		};
/* End PBXNativeTarget section */

/* Begin PBXProject section */
		CC92FB0F1A8424AD00E74BEE /* Project object */ = {
			isa = PBXProject;
			attributes = {
				LastUpgradeCheck = 0610;
				ORGANIZATIONNAME = AlexCevallos;
				TargetAttributes = {
					CC92FB161A8424AD00E74BEE = {
						CreatedOnToolsVersion = 6.1.1;
					};
					CC92FB2F1A8424AE00E74BEE = {
						CreatedOnToolsVersion = 6.1.1;
						TestTargetID = CC92FB161A8424AD00E74BEE;
					};
				};
			};
			buildConfigurationList = CC92FB121A8424AD00E74BEE /* Build configuration list for PBXProject "Vine Viewer" */;
			compatibilityVersion = "Xcode 3.2";
			developmentRegion = English;
			hasScannedForEncodings = 0;
			knownRegions = (
				en,
				Base,
			);
			mainGroup = CC92FB0E1A8424AD00E74BEE;
			productRefGroup = CC92FB181A8424AD00E74BEE /* Products */;
			projectDirPath = "";
			projectRoot = "";
			targets = (
				CC92FB161A8424AD00E74BEE /* Vine Viewer */,
				CC92FB2F1A8424AE00E74BEE /* Vine ViewerTests */,
			);
		};
/* End PBXProject section */

/* Begin PBXResourcesBuildPhase section */
		CC92FB151A8424AD00E74BEE /* Resources */ = {
			isa = PBXResourcesBuildPhase;
			buildActionMask = 2147483647;
			files = (
				CC92FB261A8424AD00E74BEE /* Main.storyboard in Resources */,
				CC92FB2B1A8424AD00E74BEE /* LaunchScreen.xib in Resources */,
				CC92FB281A8424AD00E74BEE /* Images.xcassets in Resources */,
			);
			runOnlyForDeploymentPostprocessing = 0;
		};
		CC92FB2E1A8424AE00E74BEE /* Resources */ = {
			isa = PBXResourcesBuildPhase;
			buildActionMask = 2147483647;
			files = (
			);
			runOnlyForDeploymentPostprocessing = 0;
		};
/* End PBXResourcesBuildPhase section */

/* Begin PBXSourcesBuildPhase section */
		CC92FB131A8424AD00E74BEE /* Sources */ = {
			isa = PBXSourcesBuildPhase;
			buildActionMask = 2147483647;
			files = (
				CC92FB231A8424AD00E74BEE /* ViewController.m in Sources */,
				CC92FB201A8424AD00E74BEE /* AppDelegate.m in Sources */,
				CC92FB1D1A8424AD00E74BEE /* main.m in Sources */,
			);
			runOnlyForDeploymentPostprocessing = 0;
		};
		CC92FB2C1A8424AE00E74BEE /* Sources */ = {
			isa = PBXSourcesBuildPhase;
			buildActionMask = 2147483647;
			files = (
				CC92FB371A8424AE00E74BEE /* Vine_ViewerTests.m in Sources */,
			);
			runOnlyForDeploymentPostprocessing = 0;
		};
/* End PBXSourcesBuildPhase section */

/* Begin PBXTargetDependency section */
		CC92FB321A8424AE00E74BEE /* PBXTargetDependency */ = {
			isa = PBXTargetDependency;
			target = CC92FB161A8424AD00E74BEE /* Vine Viewer */;
			targetProxy = CC92FB311A8424AE00E74BEE /* PBXContainerItemProxy */;
		};
/* End PBXTargetDependency section */

/* Begin PBXVariantGroup section */
		CC92FB241A8424AD00E74BEE /* Main.storyboard */ = {
			isa = PBXVariantGroup;
			children = (
				CC92FB251A8424AD00E74BEE /* Base */,
			);
			name = Main.storyboard;
			sourceTree = "<group>";
		};
		CC92FB291A8424AD00E74BEE /* LaunchScreen.xib */ = {
			isa = PBXVariantGroup;
			children = (
				CC92FB2A1A8424AD00E74BEE /* Base */,
			);
			name = LaunchScreen.xib;
			sourceTree = "<group>";
		};
/* End PBXVariantGroup section */

/* Begin XCBuildConfiguration section */
		CC92FB381A8424AE00E74BEE /* Debug */ = {
			isa = XCBuildConfiguration;
			buildSettings = {
				ALWAYS_SEARCH_USER_PATHS = NO;
				CLANG_CXX_LANGUAGE_STANDARD = "gnu++0x";
				CLANG_CXX_LIBRARY = "libc++";
				CLANG_ENABLE_MODULES = YES;
				CLANG_ENABLE_OBJC_ARC = YES;
				CLANG_WARN_BOOL_CONVERSION = YES;
				CLANG_WARN_CONSTANT_CONVERSION = YES;
				CLANG_WARN_DIRECT_OBJC_ISA_USAGE = YES_ERROR;
				CLANG_WARN_EMPTY_BODY = YES;
				CLANG_WARN_ENUM_CONVERSION = YES;
				CLANG_WARN_INT_CONVERSION = YES;
				CLANG_WARN_OBJC_ROOT_CLASS = YES_ERROR;
				CLANG_WARN_UNREACHABLE_CODE = YES;
				CLANG_WARN__DUPLICATE_METHOD_MATCH = YES;
				"CODE_SIGN_IDENTITY[sdk=iphoneos*]" = "iPhone Developer";
				COPY_PHASE_STRIP = NO;
				ENABLE_STRICT_OBJC_MSGSEND = YES;
				GCC_C_LANGUAGE_STANDARD = gnu99;
				GCC_DYNAMIC_NO_PIC = NO;
				GCC_OPTIMIZATION_LEVEL = 0;
				GCC_PREPROCESSOR_DEFINITIONS = (
					"DEBUG=1",
					"$(inherited)",
				);
				GCC_SYMBOLS_PRIVATE_EXTERN = NO;
				GCC_WARN_64_TO_32_BIT_CONVERSION = YES;
				GCC_WARN_ABOUT_RETURN_TYPE = YES_ERROR;
				GCC_WARN_UNDECLARED_SELECTOR = YES;
				GCC_WARN_UNINITIALIZED_AUTOS = YES_AGGRESSIVE;
				GCC_WARN_UNUSED_FUNCTION = YES;
				GCC_WARN_UNUSED_VARIABLE = YES;
				IPHONEOS_DEPLOYMENT_TARGET = 8.1;
				MTL_ENABLE_DEBUG_INFO = YES;
				ONLY_ACTIVE_ARCH = YES;
				SDKROOT = iphoneos;
			};
			name = Debug;
		};
		CC92FB391A8424AE00E74BEE /* Release */ = {
			isa = XCBuildConfiguration;
			buildSettings = {
				ALWAYS_SEARCH_USER_PATHS = NO;
				CLANG_CXX_LANGUAGE_STANDARD = "gnu++0x";
				CLANG_CXX_LIBRARY = "libc++";
				CLANG_ENABLE_MODULES = YES;
				CLANG_ENABLE_OBJC_ARC = YES;
				CLANG_WARN_BOOL_CONVERSION = YES;
				CLANG_WARN_CONSTANT_CONVERSION = YES;
				CLANG_WARN_DIRECT_OBJC_ISA_USAGE = YES_ERROR;
				CLANG_WARN_EMPTY_BODY = YES;
				CLANG_WARN_ENUM_CONVERSION = YES;
				CLANG_WARN_INT_CONVERSION = YES;
				CLANG_WARN_OBJC_ROOT_CLASS = YES_ERROR;
				CLANG_WARN_UNREACHABLE_CODE = YES;
				CLANG_WARN__DUPLICATE_METHOD_MATCH = YES;
				"CODE_SIGN_IDENTITY[sdk=iphoneos*]" = "iPhone Developer";
				COPY_PHASE_STRIP = YES;
				ENABLE_NS_ASSERTIONS = NO;
				ENABLE_STRICT_OBJC_MSGSEND = YES;
				GCC_C_LANGUAGE_STANDARD = gnu99;
				GCC_WARN_64_TO_32_BIT_CONVERSION = YES;
				GCC_WARN_ABOUT_RETURN_TYPE = YES_ERROR;
				GCC_WARN_UNDECLARED_SELECTOR = YES;
				GCC_WARN_UNINITIALIZED_AUTOS = YES_AGGRESSIVE;
				GCC_WARN_UNUSED_FUNCTION = YES;
				GCC_WARN_UNUSED_VARIABLE = YES;
				IPHONEOS_DEPLOYMENT_TARGET = 8.1;
				MTL_ENABLE_DEBUG_INFO = NO;
				SDKROOT = iphoneos;
				VALIDATE_PRODUCT = YES;
			};
			name = Release;
		};
		CC92FB3B1A8424AE00E74BEE /* Debug */ = {
			isa = XCBuildConfiguration;
			buildSettings = {
				ASSETCATALOG_COMPILER_APPICON_NAME = AppIcon;
				INFOPLIST_FILE = "Vine Viewer/Info.plist";
				LD_RUNPATH_SEARCH_PATHS = "$(inherited) @executable_path/Frameworks";
				PRODUCT_NAME = "$(TARGET_NAME)";
			};
			name = Debug;
		};
		CC92FB3C1A8424AE00E74BEE /* Release */ = {
			isa = XCBuildConfiguration;
			buildSettings = {
				ASSETCATALOG_COMPILER_APPICON_NAME = AppIcon;
				INFOPLIST_FILE = "Vine Viewer/Info.plist";
				LD_RUNPATH_SEARCH_PATHS = "$(inherited) @executable_path/Frameworks";
				PRODUCT_NAME = "$(TARGET_NAME)";
			};
			name = Release;
		};
		CC92FB3E1A8424AE00E74BEE /* Debug */ = {
			isa = XCBuildConfiguration;
			buildSettings = {
				BUNDLE_LOADER = "$(TEST_HOST)";
				FRAMEWORK_SEARCH_PATHS = (
					"$(SDKROOT)/Developer/Library/Frameworks",
					"$(inherited)",
				);
				GCC_PREPROCESSOR_DEFINITIONS = (
					"DEBUG=1",
					"$(inherited)",
				);
				INFOPLIST_FILE = "Vine ViewerTests/Info.plist";
				LD_RUNPATH_SEARCH_PATHS = "$(inherited) @executable_path/Frameworks @loader_path/Frameworks";
				PRODUCT_NAME = "$(TARGET_NAME)";
				TEST_HOST = "$(BUILT_PRODUCTS_DIR)/Vine Viewer.app/Vine Viewer";
			};
			name = Debug;
		};
		CC92FB3F1A8424AE00E74BEE /* Release */ = {
			isa = XCBuildConfiguration;
			buildSettings = {
				BUNDLE_LOADER = "$(TEST_HOST)";
				FRAMEWORK_SEARCH_PATHS = (
					"$(SDKROOT)/Developer/Library/Frameworks",
					"$(inherited)",
				);
				INFOPLIST_FILE = "Vine ViewerTests/Info.plist";
				LD_RUNPATH_SEARCH_PATHS = "$(inherited) @executable_path/Frameworks @loader_path/Frameworks";
				PRODUCT_NAME = "$(TARGET_NAME)";
				TEST_HOST = "$(BUILT_PRODUCTS_DIR)/Vine Viewer.app/Vine Viewer";
			};
			name = Release;
		};
/* End XCBuildConfiguration section */

/* Begin XCConfigurationList section */
		CC92FB121A8424AD00E74BEE /* Build configuration list for PBXProject "Vine Viewer" */ = {
			isa = XCConfigurationList;
			buildConfigurations = (
				CC92FB381A8424AE00E74BEE /* Debug */,
				CC92FB391A8424AE00E74BEE /* Release */,
			);
			defaultConfigurationIsVisible = 0;
			defaultConfigurationName = Release;
		};
		CC92FB3A1A8424AE00E74BEE /* Build configuration list for PBXNativeTarget "Vine Viewer" */ = {
			isa = XCConfigurationList;
			buildConfigurations = (
				CC92FB3B1A8424AE00E74BEE /* Debug */,
				CC92FB3C1A8424AE00E74BEE /* Release */,
			);
			defaultConfigurationIsVisible = 0;
		};
		CC92FB3D1A8424AE00E74BEE /* Build configuration list for PBXNativeTarget "Vine ViewerTests" */ = {
			isa = XCConfigurationList;
			buildConfigurations = (
				CC92FB3E1A8424AE00E74BEE /* Debug */,
				CC92FB3F1A8424AE00E74BEE /* Release */,
			);
			defaultConfigurationIsVisible = 0;
		};
/* End XCConfigurationList section */
	};
	rootObject = CC92FB0F1A8424AD00E74BEE /* Project object */;
}
